
Microsoft Visual Studio Solution File, Format Version 12.00
# Visual Studio 15
VisualStudioVersion = 15.0.27130.2024
MinimumVisualStudioVersion = 10.0.40219.1
Project("{262852C6-CD72-467D-83FE-5EEB1973A190}") = "examJquery", "examJquery\examJquery.jsproj", "{CB0C296F-061B-4AED-A91F-3AD1AEA79300}"
EndProject
Global
	GlobalSection(SolutionConfigurationPlatforms) = preSolution
		Debug|Any CPU = Debug|Any CPU
		Debug|ARM = Debug|ARM
		Debug|x64 = Debug|x64
		Debug|x86 = Debug|x86
		Release|Any CPU = Release|Any CPU
		Release|ARM = Release|ARM
		Release|x64 = Release|x64
		Release|x86 = Release|x86
	EndGlobalSection
	GlobalSection(ProjectConfigurationPlatforms) = postSolution
		{CB0C296F-061B-4AED-A91F-3AD1AEA79300}.Debug|Any CPU.ActiveCfg = Debug|Any CPU
		{CB0C296F-061B-4AED-A91F-3AD1AEA79300}.Debug|Any CPU.Build.0 = Debug|Any CPU
		{CB0C296F-061B-4AED-A91F-3AD1AEA79300}.Debug|Any CPU.Deploy.0 = Debug|Any CPU
		{CB0C296F-061B-4AED-A91F-3AD1AEA79300}.Debug|ARM.ActiveCfg = Debug|ARM
		{CB0C296F-061B-4AED-A91F-3AD1AEA79300}.Debug|ARM.Build.0 = Debug|ARM
		{CB0C296F-061B-4AED-A91F-3AD1AEA79300}.Debug|ARM.Deploy.0 = Debug|ARM
		{CB0C296F-061B-4AED-A91F-3AD1AEA79300}.Debug|x64.ActiveCfg = Debug|x64
		{CB0C296F-061B-4AED-A91F-3AD1AEA79300}.Debug|x64.Build.0 = Debug|x64
		{CB0C296F-061B-4AED-A91F-3AD1AEA79300}.Debug|x64.Deploy.0 = Debug|x64
		{CB0C296F-061B-4AED-A91F-3AD1AEA79300}.Debug|x86.ActiveCfg = Debug|x86
		{CB0C296F-061B-4AED-A91F-3AD1AEA79300}.Debug|x86.Build.0 = Debug|x86
		{CB0C296F-061B-4AED-A91F-3AD1AEA79300}.Debug|x86.Deploy.0 = Debug|x86
		{CB0C296F-061B-4AED-A91F-3AD1AEA79300}.Release|Any CPU.ActiveCfg = Release|Any CPU
		{CB0C296F-061B-4AED-A91F-3AD1AEA79300}.Release|Any CPU.Build.0 = Release|Any CPU
		{CB0C296F-061B-4AED-A91F-3AD1AEA79300}.Release|Any CPU.Deploy.0 = Release|Any CPU
		{CB0C296F-061B-4AED-A91F-3AD1AEA79300}.Release|ARM.ActiveCfg = Release|ARM
		{CB0C296F-061B-4AED-A91F-3AD1AEA79300}.Release|ARM.Build.0 = Release|ARM
		{CB0C296F-061B-4AED-A91F-3AD1AEA79300}.Release|ARM.Deploy.0 = Release|ARM
		{CB0C296F-061B-4AED-A91F-3AD1AEA79300}.Release|x64.ActiveCfg = Release|x64
		{CB0C296F-061B-4AED-A91F-3AD1AEA79300}.Release|x64.Build.0 = Release|x64
		{CB0C296F-061B-4AED-A91F-3AD1AEA79300}.Release|x64.Deploy.0 = Release|x64
		{CB0C296F-061B-4AED-A91F-3AD1AEA79300}.Release|x86.ActiveCfg = Release|x86
		{CB0C296F-061B-4AED-A91F-3AD1AEA79300}.Release|x86.Build.0 = Release|x86
		{CB0C296F-061B-4AED-A91F-3AD1AEA79300}.Release|x86.Deploy.0 = Release|x86
	EndGlobalSection
	GlobalSection(SolutionProperties) = preSolution
		HideSolutionNode = FALSE
	EndGlobalSection
	GlobalSection(ExtensibilityGlobals) = postSolution
		SolutionGuid = {9D84C5EA-52CA-44A4-98D3-A05EFE6BD949}
	EndGlobalSection
EndGlobal
